// !$*UTF8*$!
{
	archiveVersion = 1;
	classes = {
	};
	objectVersion = 46;
	objects = {

/* Begin PBXBuildFile section */
		C11084F71B577878003F800B /* CloudKit.framework in Frameworks */ = {isa = PBXBuildFile; fileRef = C11084F61B577878003F800B /* CloudKit.framework */; };
		C11084FA1B5CA4BB003F800B /* KeychainItemWrapper.m in Sources */ = {isa = PBXBuildFile; fileRef = C11084F91B5CA4BB003F800B /* KeychainItemWrapper.m */; settings = {COMPILER_FLAGS = "-fno-objc-arc"; }; };
		C11084FC1B5CA73B003F800B /* Security.framework in Frameworks */ = {isa = PBXBuildFile; fileRef = C11084FB1B5CA73B003F800B /* Security.framework */; };
		C11084FE1B63ED19003F800B /* 177-building black on white.png in Resources */ = {isa = PBXBuildFile; fileRef = C11084FD1B63ED19003F800B /* 177-building black on white.png */; };
		C11085001B63EEAB003F800B /* 53-house white on black.png in Resources */ = {isa = PBXBuildFile; fileRef = C11084FF1B63EEAB003F800B /* 53-house white on black.png */; };
		C118B8191B768FF100A07AED /* 96-book.png in Resources */ = {isa = PBXBuildFile; fileRef = C118B8181B768FF100A07AED /* 96-book.png */; };
		C12FB8D41B2371DB00ACB410 /* main.m in Sources */ = {isa = PBXBuildFile; fileRef = C12FB8D31B2371DB00ACB410 /* main.m */; };
		C12FB8D71B2371DB00ACB410 /* AppDelegate.m in Sources */ = {isa = PBXBuildFile; fileRef = C12FB8D61B2371DB00ACB410 /* AppDelegate.m */; };
		C12FB8DA1B2371DB00ACB410 /* FirstViewController.m in Sources */ = {isa = PBXBuildFile; fileRef = C12FB8D91B2371DB00ACB410 /* FirstViewController.m */; };
		C12FB8DD1B2371DB00ACB410 /* SecondViewController.m in Sources */ = {isa = PBXBuildFile; fileRef = C12FB8DC1B2371DB00ACB410 /* SecondViewController.m */; };
		C12FB8E01B2371DB00ACB410 /* Main.storyboard in Resources */ = {isa = PBXBuildFile; fileRef = C12FB8DE1B2371DB00ACB410 /* Main.storyboard */; };
		C12FB8E21B2371DB00ACB410 /* Images.xcassets in Resources */ = {isa = PBXBuildFile; fileRef = C12FB8E11B2371DB00ACB410 /* Images.xcassets */; };
		C12FB8E51B2371DB00ACB410 /* LaunchScreen.xib in Resources */ = {isa = PBXBuildFile; fileRef = C12FB8E31B2371DB00ACB410 /* LaunchScreen.xib */; };
		C12FB8F11B2371DB00ACB410 /* PrincetonRideShareTests.m in Sources */ = {isa = PBXBuildFile; fileRef = C12FB8F01B2371DB00ACB410 /* PrincetonRideShareTests.m */; };
		C12FB8FD1B23D66400ACB410 /* 179-notepad.png in Resources */ = {isa = PBXBuildFile; fileRef = C12FB8FC1B23D66400ACB410 /* 179-notepad.png */; };
		C12FB8FF1B23D68000ACB410 /* 112-group.png in Resources */ = {isa = PBXBuildFile; fileRef = C12FB8FE1B23D68000ACB410 /* 112-group.png */; };
		C12FB9011B23D69500ACB410 /* 05-shuffle.png in Resources */ = {isa = PBXBuildFile; fileRef = C12FB9001B23D69500ACB410 /* 05-shuffle.png */; };
		C12FB9051B23E53C00ACB410 /* MapKit.framework in Frameworks */ = {isa = PBXBuildFile; fileRef = C12FB9041B23E53C00ACB410 /* MapKit.framework */; };
		C12FB9081B2406EA00ACB410 /* ThirdViewController.m in Sources */ = {isa = PBXBuildFile; fileRef = C12FB9071B2406EA00ACB410 /* ThirdViewController.m */; };
		C12FB90B1B24072000ACB410 /* MessageViewController.m in Sources */ = {isa = PBXBuildFile; fileRef = C12FB90A1B24072000ACB410 /* MessageViewController.m */; };
		C14FD7231B3A199B006D6721 /* ChoicesViewController.m in Sources */ = {isa = PBXBuildFile; fileRef = C14FD7221B3A199B006D6721 /* ChoicesViewController.m */; };
		C14FD7251B3A19C0006D6721 /* ChoicesViewController.xib in Resources */ = {isa = PBXBuildFile; fileRef = C14FD7241B3A19C0006D6721 /* ChoicesViewController.xib */; };
		C14FD7281B3A1AF1006D6721 /* f_logo.png in Resources */ = {isa = PBXBuildFile; fileRef = C14FD7261B3A1AF1006D6721 /* f_logo.png */; };
		C14FD7291B3A1AF1006D6721 /* twitter2.png in Resources */ = {isa = PBXBuildFile; fileRef = C14FD7271B3A1AF1006D6721 /* twitter2.png */; };
		C14FD72B1B3A4EBB006D6721 /* CoreLocation.framework in Frameworks */ = {isa = PBXBuildFile; fileRef = C14FD72A1B3A4EBB006D6721 /* CoreLocation.framework */; };
		C1D70DB51B4648C800E187D7 /* Circle image 21.png in Resources */ = {isa = PBXBuildFile; fileRef = C1D70DB41B4648C800E187D7 /* Circle image 21.png */; };
		C1D70DB71B4648D200E187D7 /* X image 21.png in Resources */ = {isa = PBXBuildFile; fileRef = C1D70DB61B4648D200E187D7 /* X image 21.png */; };
		C1D70DB91B4739A900E187D7 /* Princeton Map.png in Resources */ = {isa = PBXBuildFile; fileRef = C1D70DB81B4739A900E187D7 /* Princeton Map.png */; };
		C1FA5A4E1B897FF600F01291 /* refreshEmblem.png in Resources */ = {isa = PBXBuildFile; fileRef = C1FA5A4D1B897FF600F01291 /* refreshEmblem.png */; };
		C1FA5A501B89935300F01291 /* sideArrow.png in Resources */ = {isa = PBXBuildFile; fileRef = C1FA5A4F1B89935300F01291 /* sideArrow.png */; };
/* End PBXBuildFile section */

/* Begin PBXContainerItemProxy section */
		C12FB8EB1B2371DB00ACB410 /* PBXContainerItemProxy */ = {
			isa = PBXContainerItemProxy;
			containerPortal = C12FB8C61B2371DB00ACB410 /* Project object */;
			proxyType = 1;
			remoteGlobalIDString = C12FB8CD1B2371DB00ACB410;
			remoteInfo = PrincetonRideShare;
		};
/* End PBXContainerItemProxy section */

/* Begin PBXFileReference section */
		C11084F51B57785F003F800B /* PrincetonRideShare.entitlements */ = {isa = PBXFileReference; lastKnownFileType = text.xml; path = PrincetonRideShare.entitlements; sourceTree = "<group>"; };
		C11084F61B577878003F800B /* CloudKit.framework */ = {isa = PBXFileReference; lastKnownFileType = wrapper.framework; name = CloudKit.framework; path = System/Library/Frameworks/CloudKit.framework; sourceTree = SDKROOT; };
		C11084F81B5CA4BB003F800B /* KeychainItemWrapper.h */ = {isa = PBXFileReference; fileEncoding = 4; lastKnownFileType = sourcecode.c.h; path = KeychainItemWrapper.h; sourceTree = "<group>"; };
		C11084F91B5CA4BB003F800B /* KeychainItemWrapper.m */ = {isa = PBXFileReference; fileEncoding = 4; lastKnownFileType = sourcecode.c.objc; path = KeychainItemWrapper.m; sourceTree = "<group>"; };
		C11084FB1B5CA73B003F800B /* Security.framework */ = {isa = PBXFileReference; lastKnownFileType = wrapper.framework; name = Security.framework; path = System/Library/Frameworks/Security.framework; sourceTree = SDKROOT; };
		C11084FD1B63ED19003F800B /* 177-building black on white.png */ = {isa = PBXFileReference; lastKnownFileType = image.png; path = "177-building black on white.png"; sourceTree = "<group>"; };
		C11084FF1B63EEAB003F800B /* 53-house white on black.png */ = {isa = PBXFileReference; lastKnownFileType = image.png; path = "53-house white on black.png"; sourceTree = "<group>"; };
		C118B8181B768FF100A07AED /* 96-book.png */ = {isa = PBXFileReference; lastKnownFileType = image.png; path = "96-book.png"; sourceTree = "<group>"; };
		C12FB8CE1B2371DB00ACB410 /* PrincetonRideShare.app */ = {isa = PBXFileReference; explicitFileType = wrapper.application; includeInIndex = 0; path = PrincetonRideShare.app; sourceTree = BUILT_PRODUCTS_DIR; };
		C12FB8D21B2371DB00ACB410 /* Info.plist */ = {isa = PBXFileReference; lastKnownFileType = text.plist.xml; path = Info.plist; sourceTree = "<group>"; };
		C12FB8D31B2371DB00ACB410 /* main.m */ = {isa = PBXFileReference; lastKnownFileType = sourcecode.c.objc; path = main.m; sourceTree = "<group>"; };
		C12FB8D51B2371DB00ACB410 /* AppDelegate.h */ = {isa = PBXFileReference; lastKnownFileType = sourcecode.c.h; path = AppDelegate.h; sourceTree = "<group>"; };
		C12FB8D61B2371DB00ACB410 /* AppDelegate.m */ = {isa = PBXFileReference; lastKnownFileType = sourcecode.c.objc; path = AppDelegate.m; sourceTree = "<group>"; };
		C12FB8D81B2371DB00ACB410 /* FirstViewController.h */ = {isa = PBXFileReference; lastKnownFileType = sourcecode.c.h; path = FirstViewController.h; sourceTree = "<group>"; };
		C12FB8D91B2371DB00ACB410 /* FirstViewController.m */ = {isa = PBXFileReference; lastKnownFileType = sourcecode.c.objc; path = FirstViewController.m; sourceTree = "<group>"; };
		C12FB8DB1B2371DB00ACB410 /* SecondViewController.h */ = {isa = PBXFileReference; lastKnownFileType = sourcecode.c.h; path = SecondViewController.h; sourceTree = "<group>"; };
		C12FB8DC1B2371DB00ACB410 /* SecondViewController.m */ = {isa = PBXFileReference; lastKnownFileType = sourcecode.c.objc; path = SecondViewController.m; sourceTree = "<group>"; };
		C12FB8DF1B2371DB00ACB410 /* Base */ = {isa = PBXFileReference; lastKnownFileType = file.storyboard; name = Base; path = Base.lproj/Main.storyboard; sourceTree = "<group>"; };
		C12FB8E11B2371DB00ACB410 /* Images.xcassets */ = {isa = PBXFileReference; lastKnownFileType = folder.assetcatalog; path = Images.xcassets; sourceTree = "<group>"; };
		C12FB8E41B2371DB00ACB410 /* Base */ = {isa = PBXFileReference; lastKnownFileType = file.xib; name = Base; path = Base.lproj/LaunchScreen.xib; sourceTree = "<group>"; };
		C12FB8EA1B2371DB00ACB410 /* PrincetonRideShareTests.xctest */ = {isa = PBXFileReference; explicitFileType = wrapper.cfbundle; includeInIndex = 0; path = PrincetonRideShareTests.xctest; sourceTree = BUILT_PRODUCTS_DIR; };
		C12FB8EF1B2371DB00ACB410 /* Info.plist */ = {isa = PBXFileReference; lastKnownFileType = text.plist.xml; path = Info.plist; sourceTree = "<group>"; };
		C12FB8F01B2371DB00ACB410 /* PrincetonRideShareTests.m */ = {isa = PBXFileReference; lastKnownFileType = sourcecode.c.objc; path = PrincetonRideShareTests.m; sourceTree = "<group>"; };
		C12FB8FC1B23D66400ACB410 /* 179-notepad.png */ = {isa = PBXFileReference; lastKnownFileType = image.png; path = "179-notepad.png"; sourceTree = "<group>"; };
		C12FB8FE1B23D68000ACB410 /* 112-group.png */ = {isa = PBXFileReference; lastKnownFileType = image.png; path = "112-group.png"; sourceTree = "<group>"; };
		C12FB9001B23D69500ACB410 /* 05-shuffle.png */ = {isa = PBXFileReference; lastKnownFileType = image.png; path = "05-shuffle.png"; sourceTree = "<group>"; };
		C12FB9041B23E53C00ACB410 /* MapKit.framework */ = {isa = PBXFileReference; lastKnownFileType = wrapper.framework; name = MapKit.framework; path = System/Library/Frameworks/MapKit.framework; sourceTree = SDKROOT; };
		C12FB9061B2406EA00ACB410 /* ThirdViewController.h */ = {isa = PBXFileReference; fileEncoding = 4; lastKnownFileType = sourcecode.c.h; path = ThirdViewController.h; sourceTree = "<group>"; };
		C12FB9071B2406EA00ACB410 /* ThirdViewController.m */ = {isa = PBXFileReference; fileEncoding = 4; lastKnownFileType = sourcecode.c.objc; path = ThirdViewController.m; sourceTree = "<group>"; };
		C12FB9091B24072000ACB410 /* MessageViewController.h */ = {isa = PBXFileReference; fileEncoding = 4; lastKnownFileType = sourcecode.c.h; path = MessageViewController.h; sourceTree = "<group>"; };
		C12FB90A1B24072000ACB410 /* MessageViewController.m */ = {isa = PBXFileReference; fileEncoding = 4; lastKnownFileType = sourcecode.c.objc; path = MessageViewController.m; sourceTree = "<group>"; };
		C14FD7211B3A199B006D6721 /* ChoicesViewController.h */ = {isa = PBXFileReference; fileEncoding = 4; lastKnownFileType = sourcecode.c.h; path = ChoicesViewController.h; sourceTree = "<group>"; };
		C14FD7221B3A199B006D6721 /* ChoicesViewController.m */ = {isa = PBXFileReference; fileEncoding = 4; lastKnownFileType = sourcecode.c.objc; path = ChoicesViewController.m; sourceTree = "<group>"; };
		C14FD7241B3A19C0006D6721 /* ChoicesViewController.xib */ = {isa = PBXFileReference; fileEncoding = 4; lastKnownFileType = file.xib; path = ChoicesViewController.xib; sourceTree = "<group>"; };
		C14FD7261B3A1AF1006D6721 /* f_logo.png */ = {isa = PBXFileReference; lastKnownFileType = image.png; path = f_logo.png; sourceTree = "<group>"; };
		C14FD7271B3A1AF1006D6721 /* twitter2.png */ = {isa = PBXFileReference; lastKnownFileType = image.png; path = twitter2.png; sourceTree = "<group>"; };
		C14FD72A1B3A4EBB006D6721 /* CoreLocation.framework */ = {isa = PBXFileReference; lastKnownFileType = wrapper.framework; name = CoreLocation.framework; path = System/Library/Frameworks/CoreLocation.framework; sourceTree = SDKROOT; };
		C1D70DB41B4648C800E187D7 /* Circle image 21.png */ = {isa = PBXFileReference; lastKnownFileType = image.png; path = "Circle image 21.png"; sourceTree = "<group>"; };
		C1D70DB61B4648D200E187D7 /* X image 21.png */ = {isa = PBXFileReference; lastKnownFileType = image.png; path = "X image 21.png"; sourceTree = "<group>"; };
		C1D70DB81B4739A900E187D7 /* Princeton Map.png */ = {isa = PBXFileReference; lastKnownFileType = image.png; path = "Princeton Map.png"; sourceTree = "<group>"; };
		C1FA5A4D1B897FF600F01291 /* refreshEmblem.png */ = {isa = PBXFileReference; lastKnownFileType = image.png; path = refreshEmblem.png; sourceTree = "<group>"; };
		C1FA5A4F1B89935300F01291 /* sideArrow.png */ = {isa = PBXFileReference; lastKnownFileType = image.png; path = sideArrow.png; sourceTree = "<group>"; };
/* End PBXFileReference section */

/* Begin PBXFrameworksBuildPhase section */
		C12FB8CB1B2371DB00ACB410 /* Frameworks */ = {
			isa = PBXFrameworksBuildPhase;
			buildActionMask = 2147483647;
			files = (
				C11084FC1B5CA73B003F800B /* Security.framework in Frameworks */,
				C11084F71B577878003F800B /* CloudKit.framework in Frameworks */,
				C14FD72B1B3A4EBB006D6721 /* CoreLocation.framework in Frameworks */,
				C12FB9051B23E53C00ACB410 /* MapKit.framework in Frameworks */,
			);
			runOnlyForDeploymentPostprocessing = 0;
		};
		C12FB8E71B2371DB00ACB410 /* Frameworks */ = {
			isa = PBXFrameworksBuildPhase;
			buildActionMask = 2147483647;
			files = (
			);
			runOnlyForDeploymentPostprocessing = 0;
		};
/* End PBXFrameworksBuildPhase section */

/* Begin PBXGroup section */
		C12FB8C51B2371DB00ACB410 = {
			isa = PBXGroup;
			children = (
				C11084FB1B5CA73B003F800B /* Security.framework */,
				C11084F61B577878003F800B /* CloudKit.framework */,
				C14FD72A1B3A4EBB006D6721 /* CoreLocation.framework */,
				C12FB9041B23E53C00ACB410 /* MapKit.framework */,
				C12FB8D01B2371DB00ACB410 /* PrincetonRideShare */,
				C12FB8ED1B2371DB00ACB410 /* PrincetonRideShareTests */,
				C12FB8CF1B2371DB00ACB410 /* Products */,
			);
			sourceTree = "<group>";
		};
		C12FB8CF1B2371DB00ACB410 /* Products */ = {
			isa = PBXGroup;
			children = (
				C12FB8CE1B2371DB00ACB410 /* PrincetonRideShare.app */,
				C12FB8EA1B2371DB00ACB410 /* PrincetonRideShareTests.xctest */,
			);
			name = Products;
			sourceTree = "<group>";
		};
		C12FB8D01B2371DB00ACB410 /* PrincetonRideShare */ = {
			isa = PBXGroup;
			children = (
				C11084F51B57785F003F800B /* PrincetonRideShare.entitlements */,
				C12FB8D51B2371DB00ACB410 /* AppDelegate.h */,
				C12FB8D61B2371DB00ACB410 /* AppDelegate.m */,
				C12FB8D81B2371DB00ACB410 /* FirstViewController.h */,
				C12FB8D91B2371DB00ACB410 /* FirstViewController.m */,
				C12FB8DB1B2371DB00ACB410 /* SecondViewController.h */,
				C12FB8DC1B2371DB00ACB410 /* SecondViewController.m */,
				C12FB8DE1B2371DB00ACB410 /* Main.storyboard */,
				C12FB9091B24072000ACB410 /* MessageViewController.h */,
				C12FB90A1B24072000ACB410 /* MessageViewController.m */,
				C12FB9061B2406EA00ACB410 /* ThirdViewController.h */,
				C12FB9071B2406EA00ACB410 /* ThirdViewController.m */,
				C14FD7211B3A199B006D6721 /* ChoicesViewController.h */,
				C14FD7221B3A199B006D6721 /* ChoicesViewController.m */,
				C14FD7241B3A19C0006D6721 /* ChoicesViewController.xib */,
				C11084F81B5CA4BB003F800B /* KeychainItemWrapper.h */,
				C11084F91B5CA4BB003F800B /* KeychainItemWrapper.m */,
				C12FB8E11B2371DB00ACB410 /* Images.xcassets */,
				C12FB8E31B2371DB00ACB410 /* LaunchScreen.xib */,
				C12FB8D11B2371DB00ACB410 /* Supporting Files */,
			);
			path = PrincetonRideShare;
			sourceTree = "<group>";
		};
		C12FB8D11B2371DB00ACB410 /* Supporting Files */ = {
			isa = PBXGroup;
			children = (
				C1D70DB41B4648C800E187D7 /* Circle image 21.png */,
				C1FA5A4F1B89935300F01291 /* sideArrow.png */,
				C1FA5A4D1B897FF600F01291 /* refreshEmblem.png */,
				C1D70DB61B4648D200E187D7 /* X image 21.png */,
				C14FD7261B3A1AF1006D6721 /* f_logo.png */,
				C14FD7271B3A1AF1006D6721 /* twitter2.png */,
				C1D70DB81B4739A900E187D7 /* Princeton Map.png */,
				C12FB8FC1B23D66400ACB410 /* 179-notepad.png */,
				C12FB8FE1B23D68000ACB410 /* 112-group.png */,
				C12FB9001B23D69500ACB410 /* 05-shuffle.png */,
				C118B8181B768FF100A07AED /* 96-book.png */,
				C11084FD1B63ED19003F800B /* 177-building black on white.png */,
				C11084FF1B63EEAB003F800B /* 53-house white on black.png */,
				C12FB8D21B2371DB00ACB410 /* Info.plist */,
				C12FB8D31B2371DB00ACB410 /* main.m */,
			);
			name = "Supporting Files";
			sourceTree = "<group>";
		};
		C12FB8ED1B2371DB00ACB410 /* PrincetonRideShareTests */ = {
			isa = PBXGroup;
			children = (
				C12FB8F01B2371DB00ACB410 /* PrincetonRideShareTests.m */,
				C12FB8EE1B2371DB00ACB410 /* Supporting Files */,
			);
			path = PrincetonRideShareTests;
			sourceTree = "<group>";
		};
		C12FB8EE1B2371DB00ACB410 /* Supporting Files */ = {
			isa = PBXGroup;
			children = (
				C12FB8EF1B2371DB00ACB410 /* Info.plist */,
			);
			name = "Supporting Files";
			sourceTree = "<group>";
		};
/* End PBXGroup section */

/* Begin PBXNativeTarget section */
		C12FB8CD1B2371DB00ACB410 /* PrincetonRideShare */ = {
			isa = PBXNativeTarget;
			buildConfigurationList = C12FB8F41B2371DB00ACB410 /* Build configuration list for PBXNativeTarget "PrincetonRideShare" */;
			buildPhases = (
				C12FB8CA1B2371DB00ACB410 /* Sources */,
				C12FB8CB1B2371DB00ACB410 /* Frameworks */,
				C12FB8CC1B2371DB00ACB410 /* Resources */,
			);
			buildRules = (
			);
			dependencies = (
			);
			name = PrincetonRideShare;
			productName = PrincetonRideShare;
			productReference = C12FB8CE1B2371DB00ACB410 /* PrincetonRideShare.app */;
			productType = "com.apple.product-type.application";
		};
		C12FB8E91B2371DB00ACB410 /* PrincetonRideShareTests */ = {
			isa = PBXNativeTarget;
			buildConfigurationList = C12FB8F71B2371DB00ACB410 /* Build configuration list for PBXNativeTarget "PrincetonRideShareTests" */;
			buildPhases = (
				C12FB8E61B2371DB00ACB410 /* Sources */,
				C12FB8E71B2371DB00ACB410 /* Frameworks */,
				C12FB8E81B2371DB00ACB410 /* Resources */,
			);
			buildRules = (
			);
			dependencies = (
				C12FB8EC1B2371DB00ACB410 /* PBXTargetDependency */,
			);
			name = PrincetonRideShareTests;
			productName = PrincetonRideShareTests;
			productReference = C12FB8EA1B2371DB00ACB410 /* PrincetonRideShareTests.xctest */;
			productType = "com.apple.product-type.bundle.unit-test";
		};
/* End PBXNativeTarget section */

/* Begin PBXProject section */
		C12FB8C61B2371DB00ACB410 /* Project object */ = {
			isa = PBXProject;
			attributes = {
				LastUpgradeCheck = 0630;
				ORGANIZATIONNAME = "Peter B Kramer";
				TargetAttributes = {
					C12FB8CD1B2371DB00ACB410 = {
						CreatedOnToolsVersion = 6.3.1;
						DevelopmentTeam = CYJEUZBXCK;
						SystemCapabilities = {
							com.apple.Maps.iOS = {
								enabled = 1;
							};
							com.apple.iCloud = {
								enabled = 1;
							};
						};
					};
					C12FB8E91B2371DB00ACB410 = {
						CreatedOnToolsVersion = 6.3.1;
						TestTargetID = C12FB8CD1B2371DB00ACB410;
					};
				};
			};
			buildConfigurationList = C12FB8C91B2371DB00ACB410 /* Build configuration list for PBXProject "PrincetonRideShare" */;
			compatibilityVersion = "Xcode 3.2";
			developmentRegion = English;
			hasScannedForEncodings = 0;
			knownRegions = (
				en,
				Base,
			);
			mainGroup = C12FB8C51B2371DB00ACB410;
			productRefGroup = C12FB8CF1B2371DB00ACB410 /* Products */;
			projectDirPath = "";
			projectRoot = "";
			targets = (
				C12FB8CD1B2371DB00ACB410 /* PrincetonRideShare */,
				C12FB8E91B2371DB00ACB410 /* PrincetonRideShareTests */,
			);
		};
/* End PBXProject section */

/* Begin PBXResourcesBuildPhase section */
		C12FB8CC1B2371DB00ACB410 /* Resources */ = {
			isa = PBXResourcesBuildPhase;
			buildActionMask = 2147483647;
			files = (
				C118B8191B768FF100A07AED /* 96-book.png in Resources */,
				C1FA5A501B89935300F01291 /* sideArrow.png in Resources */,
				C1FA5A4E1B897FF600F01291 /* refreshEmblem.png in Resources */,
				C14FD7291B3A1AF1006D6721 /* twitter2.png in Resources */,
				C12FB8E01B2371DB00ACB410 /* Main.storyboard in Resources */,
				C14FD7251B3A19C0006D6721 /* ChoicesViewController.xib in Resources */,
				C11084FE1B63ED19003F800B /* 177-building black on white.png in Resources */,
				C12FB8FF1B23D68000ACB410 /* 112-group.png in Resources */,
				C11085001B63EEAB003F800B /* 53-house white on black.png in Resources */,
				C12FB9011B23D69500ACB410 /* 05-shuffle.png in Resources */,
				C12FB8E51B2371DB00ACB410 /* LaunchScreen.xib in Resources */,
				C1D70DB51B4648C800E187D7 /* Circle image 21.png in Resources */,
				C1D70DB71B4648D200E187D7 /* X image 21.png in Resources */,
				C12FB8E21B2371DB00ACB410 /* Images.xcassets in Resources */,
				C12FB8FD1B23D66400ACB410 /* 179-notepad.png in Resources */,
				C1D70DB91B4739A900E187D7 /* Princeton Map.png in Resources */,
				C14FD7281B3A1AF1006D6721 /* f_logo.png in Resources */,
			);
			runOnlyForDeploymentPostprocessing = 0;
		};
		C12FB8E81B2371DB00ACB410 /* Resources */ = {
			isa = PBXResourcesBuildPhase;
			buildActionMask = 2147483647;
			files = (
			);
			runOnlyForDeploymentPostprocessing = 0;
		};
/* End PBXResourcesBuildPhase section */

/* Begin PBXSourcesBuildPhase section */
		C12FB8CA1B2371DB00ACB410 /* Sources */ = {
			isa = PBXSourcesBuildPhase;
			buildActionMask = 2147483647;
			files = (
				C12FB90B1B24072000ACB410 /* MessageViewController.m in Sources */,
				C12FB8DD1B2371DB00ACB410 /* SecondViewController.m in Sources */,
				C12FB9081B2406EA00ACB410 /* ThirdViewController.m in Sources */,
				C14FD7231B3A199B006D6721 /* ChoicesViewController.m in Sources */,
				C11084FA1B5CA4BB003F800B /* KeychainItemWrapper.m in Sources */,
				C12FB8D71B2371DB00ACB410 /* AppDelegate.m in Sources */,
				C12FB8DA1B2371DB00ACB410 /* FirstViewController.m in Sources */,
				C12FB8D41B2371DB00ACB410 /* main.m in Sources */,
			);
			runOnlyForDeploymentPostprocessing = 0;
		};
		C12FB8E61B2371DB00ACB410 /* Sources */ = {
			isa = PBXSourcesBuildPhase;
			buildActionMask = 2147483647;
			files = (
				C12FB8F11B2371DB00ACB410 /* PrincetonRideShareTests.m in Sources */,
			);
			runOnlyForDeploymentPostprocessing = 0;
		};
/* End PBXSourcesBuildPhase section */

/* Begin PBXTargetDependency section */
		C12FB8EC1B2371DB00ACB410 /* PBXTargetDependency */ = {
			isa = PBXTargetDependency;
			target = C12FB8CD1B2371DB00ACB410 /* PrincetonRideShare */;
			targetProxy = C12FB8EB1B2371DB00ACB410 /* PBXContainerItemProxy */;
		};
/* End PBXTargetDependency section */

/* Begin PBXVariantGroup section */
		C12FB8DE1B2371DB00ACB410 /* Main.storyboard */ = {
			isa = PBXVariantGroup;
			children = (
				C12FB8DF1B2371DB00ACB410 /* Base */,
			);
			name = Main.storyboard;
			sourceTree = "<group>";
		};
		C12FB8E31B2371DB00ACB410 /* LaunchScreen.xib */ = {
			isa = PBXVariantGroup;
			children = (
				C12FB8E41B2371DB00ACB410 /* Base */,
			);
			name = LaunchScreen.xib;
			sourceTree = "<group>";
		};
/* End PBXVariantGroup section */

/* Begin XCBuildConfiguration section */
		C12FB8F21B2371DB00ACB410 /* Debug */ = {
			isa = XCBuildConfiguration;
			buildSettings = {
				ALWAYS_SEARCH_USER_PATHS = NO;
				CLANG_CXX_LANGUAGE_STANDARD = "gnu++0x";
				CLANG_CXX_LIBRARY = "libc++";
				CLANG_ENABLE_MODULES = YES;
				CLANG_ENABLE_OBJC_ARC = YES;
				CLANG_WARN_BOOL_CONVERSION = YES;
				CLANG_WARN_CONSTANT_CONVERSION = YES;
				CLANG_WARN_DIRECT_OBJC_ISA_USAGE = YES_ERROR;
				CLANG_WARN_EMPTY_BODY = YES;
				CLANG_WARN_ENUM_CONVERSION = YES;
				CLANG_WARN_INT_CONVERSION = YES;
				CLANG_WARN_OBJC_ROOT_CLASS = YES_ERROR;
				CLANG_WARN_UNREACHABLE_CODE = YES;
				CLANG_WARN__DUPLICATE_METHOD_MATCH = YES;
				"CODE_SIGN_IDENTITY[sdk=iphoneos*]" = "iPhone Developer";
				COPY_PHASE_STRIP = NO;
				DEBUG_INFORMATION_FORMAT = "dwarf-with-dsym";
				ENABLE_STRICT_OBJC_MSGSEND = YES;
				GCC_C_LANGUAGE_STANDARD = gnu99;
				GCC_DYNAMIC_NO_PIC = NO;
				GCC_NO_COMMON_BLOCKS = YES;
				GCC_OPTIMIZATION_LEVEL = 0;
				GCC_PREPROCESSOR_DEFINITIONS = (
					"DEBUG=1",
					"$(inherited)",
				);
				GCC_SYMBOLS_PRIVATE_EXTERN = NO;
				GCC_WARN_64_TO_32_BIT_CONVERSION = YES;
				GCC_WARN_ABOUT_RETURN_TYPE = YES_ERROR;
				GCC_WARN_UNDECLARED_SELECTOR = YES;
				GCC_WARN_UNINITIALIZED_AUTOS = YES_AGGRESSIVE;
				GCC_WARN_UNUSED_FUNCTION = YES;
				GCC_WARN_UNUSED_VARIABLE = YES;
				IPHONEOS_DEPLOYMENT_TARGET = 8.3;
				MTL_ENABLE_DEBUG_INFO = YES;
				ONLY_ACTIVE_ARCH = YES;
				SDKROOT = iphoneos;
			};
			name = Debug;
		};
		C12FB8F31B2371DB00ACB410 /* Release */ = {
			isa = XCBuildConfiguration;
			buildSettings = {
				ALWAYS_SEARCH_USER_PATHS = NO;
				CLANG_CXX_LANGUAGE_STANDARD = "gnu++0x";
				CLANG_CXX_LIBRARY = "libc++";
				CLANG_ENABLE_MODULES = YES;
				CLANG_ENABLE_OBJC_ARC = YES;
				CLANG_WARN_BOOL_CONVERSION = YES;
				CLANG_WARN_CONSTANT_CONVERSION = YES;
				CLANG_WARN_DIRECT_OBJC_ISA_USAGE = YES_ERROR;
				CLANG_WARN_EMPTY_BODY = YES;
				CLANG_WARN_ENUM_CONVERSION = YES;
				CLANG_WARN_INT_CONVERSION = YES;
				CLANG_WARN_OBJC_ROOT_CLASS = YES_ERROR;
				CLANG_WARN_UNREACHABLE_CODE = YES;
				CLANG_WARN__DUPLICATE_METHOD_MATCH = YES;
				"CODE_SIGN_IDENTITY[sdk=iphoneos*]" = "iPhone Developer";
				COPY_PHASE_STRIP = NO;
				DEBUG_INFORMATION_FORMAT = "dwarf-with-dsym";
				ENABLE_NS_ASSERTIONS = NO;
				ENABLE_STRICT_OBJC_MSGSEND = YES;
				GCC_C_LANGUAGE_STANDARD = gnu99;
				GCC_NO_COMMON_BLOCKS = YES;
				GCC_WARN_64_TO_32_BIT_CONVERSION = YES;
				GCC_WARN_ABOUT_RETURN_TYPE = YES_ERROR;
				GCC_WARN_UNDECLARED_SELECTOR = YES;
				GCC_WARN_UNINITIALIZED_AUTOS = YES_AGGRESSIVE;
				GCC_WARN_UNUSED_FUNCTION = YES;
				GCC_WARN_UNUSED_VARIABLE = YES;
				IPHONEOS_DEPLOYMENT_TARGET = 8.3;
				MTL_ENABLE_DEBUG_INFO = NO;
				SDKROOT = iphoneos;
				VALIDATE_PRODUCT = YES;
			};
			name = Release;
		};
		C12FB8F51B2371DB00ACB410 /* Debug */ = {
			isa = XCBuildConfiguration;
			buildSettings = {
				ASSETCATALOG_COMPILER_APPICON_NAME = AppIcon;
				ASSETCATALOG_COMPILER_LAUNCHIMAGE_NAME = "LaunchImage-2";
				CODE_SIGN_ENTITLEMENTS = PrincetonRideShare/PrincetonRideShare.entitlements;
				CODE_SIGN_IDENTITY = "iPhone Developer";
				"CODE_SIGN_IDENTITY[sdk=iphoneos*]" = "iPhone Developer";
				INFOPLIST_FILE = PrincetonRideShare/Info.plist;
				IPHONEOS_DEPLOYMENT_TARGET = 8.0;
				LD_RUNPATH_SEARCH_PATHS = "$(inherited) @executable_path/Frameworks";
				PRODUCT_NAME = "$(TARGET_NAME)";
				PROVISIONING_PROFILE = "";
			};
			name = Debug;
		};
		C12FB8F61B2371DB00ACB410 /* Release */ = {
			isa = XCBuildConfiguration;
			buildSettings = {
				ASSETCATALOG_COMPILER_APPICON_NAME = AppIcon;
				ASSETCATALOG_COMPILER_LAUNCHIMAGE_NAME = "LaunchImage-2";
				CODE_SIGN_ENTITLEMENTS = PrincetonRideShare/PrincetonRideShare.entitlements;
				CODE_SIGN_IDENTITY = "iPhone Developer";
				"CODE_SIGN_IDENTITY[sdk=iphoneos*]" = "iPhone Developer";
				INFOPLIST_FILE = PrincetonRideShare/Info.plist;
				IPHONEOS_DEPLOYMENT_TARGET = 8.0;
				LD_RUNPATH_SEARCH_PATHS = "$(inherited) @executable_path/Frameworks";
				PRODUCT_NAME = "$(TARGET_NAME)";
				PROVISIONING_PROFILE = "";
			};
			name = Release;
		};
		C12FB8F81B2371DB00ACB410 /* Debug */ = {
			isa = XCBuildConfiguration;
			buildSettings = {
				BUNDLE_LOADER = "$(TEST_HOST)";
				FRAMEWORK_SEARCH_PATHS = (
					"$(SDKROOT)/Developer/Library/Frameworks",
					"$(inherited)",
				);
				GCC_PREPROCESSOR_DEFINITIONS = (
					"DEBUG=1",
					"$(inherited)",
				);
				INFOPLIST_FILE = PrincetonRideShareTests/Info.plist;
				LD_RUNPATH_SEARCH_PATHS = "$(inherited) @executable_path/Frameworks @loader_path/Frameworks";
				PRODUCT_NAME = "$(TARGET_NAME)";
				TEST_HOST = "$(BUILT_PRODUCTS_DIR)/PrincetonRideShare.app/PrincetonRideShare";
			};
			name = Debug;
		};
		C12FB8F91B2371DB00ACB410 /* Release */ = {
			isa = XCBuildConfiguration;
			buildSettings = {
				BUNDLE_LOADER = "$(TEST_HOST)";
				FRAMEWORK_SEARCH_PATHS = (
					"$(SDKROOT)/Developer/Library/Frameworks",
					"$(inherited)",
				);
				INFOPLIST_FILE = PrincetonRideShareTests/Info.plist;
				LD_RUNPATH_SEARCH_PATHS = "$(inherited) @executable_path/Frameworks @loader_path/Frameworks";
				PRODUCT_NAME = "$(TARGET_NAME)";
				TEST_HOST = "$(BUILT_PRODUCTS_DIR)/PrincetonRideShare.app/PrincetonRideShare";
			};
			name = Release;
		};
/* End XCBuildConfiguration section */

/* Begin XCConfigurationList section */
		C12FB8C91B2371DB00ACB410 /* Build configuration list for PBXProject "PrincetonRideShare" */ = {
			isa = XCConfigurationList;
			buildConfigurations = (
				C12FB8F21B2371DB00ACB410 /* Debug */,
				C12FB8F31B2371DB00ACB410 /* Release */,
			);
			defaultConfigurationIsVisible = 0;
			defaultConfigurationName = Release;
		};
		C12FB8F41B2371DB00ACB410 /* Build configuration list for PBXNativeTarget "PrincetonRideShare" */ = {
			isa = XCConfigurationList;
			buildConfigurations = (
				C12FB8F51B2371DB00ACB410 /* Debug */,
				C12FB8F61B2371DB00ACB410 /* Release */,
			);
			defaultConfigurationIsVisible = 0;
			defaultConfigurationName = Release;
		};
		C12FB8F71B2371DB00ACB410 /* Build configuration list for PBXNativeTarget "PrincetonRideShareTests" */ = {
			isa = XCConfigurationList;
			buildConfigurations = (
				C12FB8F81B2371DB00ACB410 /* Debug */,
				C12FB8F91B2371DB00ACB410 /* Release */,
			);
			defaultConfigurationIsVisible = 0;
			defaultConfigurationName = Release;
		};
/* End XCConfigurationList section */
	};
	rootObject = C12FB8C61B2371DB00ACB410 /* Project object */;
}
